
Microsoft Visual Studio Solution File, Format Version 12.00
# Visual Studio Version 17
VisualStudioVersion = 17.7.34024.191
MinimumVisualStudioVersion = 10.0.40219.1
Project("{FAE04EC0-301F-11D3-BF4B-00C04F79EFBC}") = "NumberGenerator", "NumberGenerator.csproj", "{A5881325-3A4F-4966-9BE6-1EEE918C74CC}"
EndProject
Global
	GlobalSection(SolutionConfigurationPlatforms) = preSolution
		Debug|Any CPU = Debug|Any CPU
		Release|Any CPU = Release|Any CPU
	EndGlobalSection
	GlobalSection(ProjectConfigurationPlatforms) = postSolution
		{A5881325-3A4F-4966-9BE6-1EEE918C74CC}.Debug|Any CPU.ActiveCfg = Debug|Any CPU
		{A5881325-3A4F-4966-9BE6-1EEE918C74CC}.Debug|Any CPU.Build.0 = Debug|Any CPU
		{A5881325-3A4F-4966-9BE6-1EEE918C74CC}.Release|Any CPU.ActiveCfg = Release|Any CPU
		{A5881325-3A4F-4966-9BE6-1EEE918C74CC}.Release|Any CPU.Build.0 = Release|Any CPU
	EndGlobalSection
	GlobalSection(SolutionProperties) = preSolution
		HideSolutionNode = FALSE
	EndGlobalSection
	GlobalSection(ExtensibilityGlobals) = postSolution
		SolutionGuid = {8F6E3B45-6A37-4B63-A41E-3610DD20B779}
	EndGlobalSection
EndGlobal
